// !$*UTF8*$!
{
	archiveVersion = 1;
	classes = {
	};
	objectVersion = 46;
	objects = {

/* Begin PBXBuildFile section */
		08136A5C1E8CF59D003268A7 /* main.m in Sources */ = {isa = PBXBuildFile; fileRef = 08136A5B1E8CF59D003268A7 /* main.m */; };
		08136A671E8FFF78003268A7 /* DClass.m in Sources */ = {isa = PBXBuildFile; fileRef = 08136A661E8FFF78003268A7 /* DClass.m */; };
/* End PBXBuildFile section */

/* Begin PBXCopyFilesBuildPhase section */
		08136A561E8CF59D003268A7 /* CopyFiles */ = {
			isa = PBXCopyFilesBuildPhase;
			buildActionMask = 8;
			dstPath = /usr/share/man/man1;
			dstSubfolderSpec = 0;
			files = (
			);
			runOnlyForDeploymentPostprocessing = 1;
		};
/* End PBXCopyFilesBuildPhase section */

/* Begin PBXFileReference section */
		08136A581E8CF59D003268A7 /* Program */ = {isa = PBXFileReference; explicitFileType = "compiled.mach-o.executable"; includeInIndex = 0; path = Program; sourceTree = BUILT_PRODUCTS_DIR; };
		08136A5B1E8CF59D003268A7 /* main.m */ = {isa = PBXFileReference; lastKnownFileType = sourcecode.c.objc; path = main.m; sourceTree = "<group>"; };
		08136A651E8FFF78003268A7 /* DClass.h */ = {isa = PBXFileReference; fileEncoding = 4; lastKnownFileType = sourcecode.c.h; path = DClass.h; sourceTree = "<group>"; };
		08136A661E8FFF78003268A7 /* DClass.m */ = {isa = PBXFileReference; fileEncoding = 4; lastKnownFileType = sourcecode.c.objc; path = DClass.m; sourceTree = "<group>"; };
		08136A681E94327B003268A7 /* example.plist */ = {isa = PBXFileReference; fileEncoding = 4; lastKnownFileType = text.plist.xml; path = example.plist; sourceTree = "<group>"; };
/* End PBXFileReference section */

/* Begin PBXFrameworksBuildPhase section */
		08136A551E8CF59D003268A7 /* Frameworks */ = {
			isa = PBXFrameworksBuildPhase;
			buildActionMask = 2147483647;
			files = (
			);
			runOnlyForDeploymentPostprocessing = 0;
		};
/* End PBXFrameworksBuildPhase section */

/* Begin PBXGroup section */
		08136A4F1E8CF59C003268A7 = {
			isa = PBXGroup;
			children = (
				08136A5A1E8CF59D003268A7 /* Program */,
				08136A591E8CF59D003268A7 /* Products */,
				08136A971E944C4E003268A7 /* Frameworks */,
			);
			sourceTree = "<group>";
		};
		08136A591E8CF59D003268A7 /* Products */ = {
			isa = PBXGroup;
			children = (
				08136A581E8CF59D003268A7 /* Program */,
			);
			name = Products;
			sourceTree = "<group>";
		};
		08136A5A1E8CF59D003268A7 /* Program */ = {
			isa = PBXGroup;
			children = (
				08136A5B1E8CF59D003268A7 /* main.m */,
				08136A651E8FFF78003268A7 /* DClass.h */,
				08136A661E8FFF78003268A7 /* DClass.m */,
				08136A681E94327B003268A7 /* example.plist */,
			);
			path = Program;
			sourceTree = "<group>";
		};
		08136A971E944C4E003268A7 /* Frameworks */ = {
			isa = PBXGroup;
			children = (
			);
			name = Frameworks;
			sourceTree = "<group>";
		};
/* End PBXGroup section */

/* Begin PBXNativeTarget section */
		08136A571E8CF59D003268A7 /* Program */ = {
			isa = PBXNativeTarget;
			buildConfigurationList = 08136A5F1E8CF59D003268A7 /* Build configuration list for PBXNativeTarget "Program" */;
			buildPhases = (
				08136A541E8CF59D003268A7 /* Sources */,
				08136A551E8CF59D003268A7 /* Frameworks */,
				08136A561E8CF59D003268A7 /* CopyFiles */,
			);
			buildRules = (
			);
			dependencies = (
			);
			name = Program;
			productName = Program;
			productReference = 08136A581E8CF59D003268A7 /* Program */;
			productType = "com.apple.product-type.tool";
		};
/* End PBXNativeTarget section */

/* Begin PBXProject section */
		08136A501E8CF59C003268A7 /* Project object */ = {
			isa = PBXProject;
			attributes = {
				LastUpgradeCheck = 0820;
				ORGANIZATIONNAME = LY;
				TargetAttributes = {
					08136A571E8CF59D003268A7 = {
						CreatedOnToolsVersion = 8.2.1;
						DevelopmentTeam = FA7HP2EX3K;
						ProvisioningStyle = Automatic;
					};
				};
			};
			buildConfigurationList = 08136A531E8CF59D003268A7 /* Build configuration list for PBXProject "Program" */;
			compatibilityVersion = "Xcode 3.2";
			developmentRegion = English;
			hasScannedForEncodings = 0;
			knownRegions = (
				en,
			);
			mainGroup = 08136A4F1E8CF59C003268A7;
			productRefGroup = 08136A591E8CF59D003268A7 /* Products */;
			projectDirPath = "";
			projectRoot = "";
			targets = (
				08136A571E8CF59D003268A7 /* Program */,
			);
		};
/* End PBXProject section */

/* Begin PBXSourcesBuildPhase section */
		08136A541E8CF59D003268A7 /* Sources */ = {
			isa = PBXSourcesBuildPhase;
			buildActionMask = 2147483647;
			files = (
				08136A5C1E8CF59D003268A7 /* main.m in Sources */,
				08136A671E8FFF78003268A7 /* DClass.m in Sources */,
			);
			runOnlyForDeploymentPostprocessing = 0;
		};
/* End PBXSourcesBuildPhase section */

/* Begin XCBuildConfiguration section */
		08136A5D1E8CF59D003268A7 /* Debug */ = {
			isa = XCBuildConfiguration;
			buildSettings = {
				ALWAYS_SEARCH_USER_PATHS = NO;
				CLANG_ANALYZER_NONNULL = YES;
				CLANG_CXX_LANGUAGE_STANDARD = "gnu++0x";
				CLANG_CXX_LIBRARY = "libc++";
				CLANG_ENABLE_MODULES = YES;
				CLANG_ENABLE_OBJC_ARC = YES;
				CLANG_WARN_BOOL_CONVERSION = YES;
				CLANG_WARN_CONSTANT_CONVERSION = YES;
				CLANG_WARN_DIRECT_OBJC_ISA_USAGE = YES_ERROR;
				CLANG_WARN_DOCUMENTATION_COMMENTS = YES;
				CLANG_WARN_EMPTY_BODY = YES;
				CLANG_WARN_ENUM_CONVERSION = YES;
				CLANG_WARN_INFINITE_RECURSION = YES;
				CLANG_WARN_INT_CONVERSION = YES;
				CLANG_WARN_OBJC_ROOT_CLASS = YES_ERROR;
				CLANG_WARN_SUSPICIOUS_MOVE = YES;
				CLANG_WARN_UNREACHABLE_CODE = YES;
				CLANG_WARN__DUPLICATE_METHOD_MATCH = YES;
				CODE_SIGN_IDENTITY = "-";
				COPY_PHASE_STRIP = NO;
				DEBUG_INFORMATION_FORMAT = dwarf;
				ENABLE_STRICT_OBJC_MSGSEND = YES;
				ENABLE_TESTABILITY = YES;
				GCC_C_LANGUAGE_STANDARD = gnu99;
				GCC_DYNAMIC_NO_PIC = NO;
				GCC_NO_COMMON_BLOCKS = YES;
				GCC_OPTIMIZATION_LEVEL = 0;
				GCC_PREPROCESSOR_DEFINITIONS = (
					"DEBUG=1",
					"$(inherited)",
				);
				GCC_WARN_64_TO_32_BIT_CONVERSION = YES;
				GCC_WARN_ABOUT_RETURN_TYPE = YES_ERROR;
				GCC_WARN_UNDECLARED_SELECTOR = YES;
				GCC_WARN_UNINITIALIZED_AUTOS = YES_AGGRESSIVE;
				GCC_WARN_UNUSED_FUNCTION = YES;
				GCC_WARN_UNUSED_VARIABLE = YES;
				MACOSX_DEPLOYMENT_TARGET = 10.11;
				MTL_ENABLE_DEBUG_INFO = YES;
				ONLY_ACTIVE_ARCH = YES;
				SDKROOT = macosx;
			};
			name = Debug;
		};
		08136A5E1E8CF59D003268A7 /* Release */ = {
			isa = XCBuildConfiguration;
			buildSettings = {
				ALWAYS_SEARCH_USER_PATHS = NO;
				CLANG_ANALYZER_NONNULL = YES;
				CLANG_CXX_LANGUAGE_STANDARD = "gnu++0x";
				CLANG_CXX_LIBRARY = "libc++";
				CLANG_ENABLE_MODULES = YES;
				CLANG_ENABLE_OBJC_ARC = YES;
				CLANG_WARN_BOOL_CONVERSION = YES;
				CLANG_WARN_CONSTANT_CONVERSION = YES;
				CLANG_WARN_DIRECT_OBJC_ISA_USAGE = YES_ERROR;
				CLANG_WARN_DOCUMENTATION_COMMENTS = YES;
				CLANG_WARN_EMPTY_BODY = YES;
				CLANG_WARN_ENUM_CONVERSION = YES;
				CLANG_WARN_INFINITE_RECURSION = YES;
				CLANG_WARN_INT_CONVERSION = YES;
				CLANG_WARN_OBJC_ROOT_CLASS = YES_ERROR;
				CLANG_WARN_SUSPICIOUS_MOVE = YES;
				CLANG_WARN_UNREACHABLE_CODE = YES;
				CLANG_WARN__DUPLICATE_METHOD_MATCH = YES;
				CODE_SIGN_IDENTITY = "-";
				COPY_PHASE_STRIP = NO;
				DEBUG_INFORMATION_FORMAT = "dwarf-with-dsym";
				ENABLE_NS_ASSERTIONS = NO;
				ENABLE_STRICT_OBJC_MSGSEND = YES;
				GCC_C_LANGUAGE_STANDARD = gnu99;
				GCC_NO_COMMON_BLOCKS = YES;
				GCC_WARN_64_TO_32_BIT_CONVERSION = YES;
				GCC_WARN_ABOUT_RETURN_TYPE = YES_ERROR;
				GCC_WARN_UNDECLARED_SELECTOR = YES;
				GCC_WARN_UNINITIALIZED_AUTOS = YES_AGGRESSIVE;
				GCC_WARN_UNUSED_FUNCTION = YES;
				GCC_WARN_UNUSED_VARIABLE = YES;
				MACOSX_DEPLOYMENT_TARGET = 10.11;
				MTL_ENABLE_DEBUG_INFO = NO;
				SDKROOT = macosx;
			};
			name = Release;
		};
		08136A601E8CF59D003268A7 /* Debug */ = {
			isa = XCBuildConfiguration;
			buildSettings = {
				DEVELOPMENT_TEAM = FA7HP2EX3K;
				FRAMEWORK_SEARCH_PATHS = (
					"$(inherited)",
					"$(PROJECT_DIR)/Program",
				);
				MACH_O_TYPE = mh_execute;
				PRODUCT_NAME = "$(TARGET_NAME)";
			};
			name = Debug;
		};
		08136A611E8CF59D003268A7 /* Release */ = {
			isa = XCBuildConfiguration;
			buildSettings = {
				DEVELOPMENT_TEAM = FA7HP2EX3K;
				FRAMEWORK_SEARCH_PATHS = (
					"$(inherited)",
					"$(PROJECT_DIR)/Program",
				);
				MACH_O_TYPE = mh_execute;
				PRODUCT_NAME = "$(TARGET_NAME)";
			};
			name = Release;
		};
/* End XCBuildConfiguration section */

/* Begin XCConfigurationList section */
		08136A531E8CF59D003268A7 /* Build configuration list for PBXProject "Program" */ = {
			isa = XCConfigurationList;
			buildConfigurations = (
				08136A5D1E8CF59D003268A7 /* Debug */,
				08136A5E1E8CF59D003268A7 /* Release */,
			);
			defaultConfigurationIsVisible = 0;
			defaultConfigurationName = Release;
		};
		08136A5F1E8CF59D003268A7 /* Build configuration list for PBXNativeTarget "Program" */ = {
			isa = XCConfigurationList;
			buildConfigurations = (
				08136A601E8CF59D003268A7 /* Debug */,
				08136A611E8CF59D003268A7 /* Release */,
			);
			defaultConfigurationIsVisible = 0;
			defaultConfigurationName = Release;
		};
/* End XCConfigurationList section */
	};
	rootObject = 08136A501E8CF59C003268A7 /* Project object */;
}
